dependencies:
- name: webank-obs
  repository: https://ADORSYS-GIS.github.io/webank-devops/
  version: 1.2.0
- name: webank-userapp
  repository: https://ADORSYS-GIS.github.io/webank-devops/
  version: 1.0.1
- name: webank-prs
  repository: https://ADORSYS-GIS.github.io/webank-devops/
  version: 1.0.1-rc
- name: postgresql
  repository: https://repo.broadcom.com/bitnami-files/
  version: 16.2.3
- name: common
  repository: https://repo.broadcom.com/bitnami-files/
  version: 2.27.0
- name: webank-monitoring
  repository: https://ADORSYS-GIS.github.io/webank-devops/
  version: 0.1.0
digest: sha256:6747480b7765bf81883d7997e7033c1ad0d330435e6840656519a058faaeeee6
generated: "2025-05-07T13:55:09.982682898+01:00"
