dependencies:
- name: webank-obs
  repository: https://ADORSYS-GIS.github.io/webank-devops/
  version: 1.3.0-rc
- name: webank-userapp
  repository: https://ADORSYS-GIS.github.io/webank-devops/
  version: 1.1.0-rc
- name: webank-prs
  repository: https://ADORSYS-GIS.github.io/webank-devops/
  version: 1.2.0-rc
- name: postgresql
  repository: https://repo.broadcom.com/bitnami-files/
  version: 16.2.3
- name: common
  repository: https://repo.broadcom.com/bitnami-files/
  version: 2.27.0
digest: sha256:f6318d7deec439a0931e01caf3de0949aba5a992ac583a68268296827dcc3e49
generated: "2025-05-08T14:01:15.670210922+01:00"
